
Microsoft Visual Studio Solution File, Format Version 12.00
# Visual Studio Version 16
VisualStudioVersion = 16.0.30204.135
MinimumVisualStudioVersion = 10.0.40219.1
Project("{FAE04EC0-301F-11D3-BF4B-00C04F79EFBC}") = "Calculator", "Calculator\Calculator.csproj", "{B0F115E1-A325-4725-B559-BC8EB45CB6F6}"
EndProject
Project("{FAE04EC0-301F-11D3-BF4B-00C04F79EFBC}") = "CalcClass", "CalcClass\CalcClass.csproj", "{A335941A-43F9-46D9-A8C0-AF55582D20DF}"
EndProject
Project("{FAE04EC0-301F-11D3-BF4B-00C04F79EFBC}") = "CalcClassTests", "CalcClassTests\CalcClassTests.csproj", "{0B7B0E5A-681A-4A32-BBE3-AD62D19D5520}"
EndProject
Project("{FAE04EC0-301F-11D3-BF4B-00C04F79EFBC}") = "Analizer", "Analizer\Analizer.csproj", "{19D7AAFA-42CA-4F3A-B2F5-74EC029AC0BF}"
EndProject
Global
	GlobalSection(SolutionConfigurationPlatforms) = preSolution
		Debug|Any CPU = Debug|Any CPU
		Release|Any CPU = Release|Any CPU
	EndGlobalSection
	GlobalSection(ProjectConfigurationPlatforms) = postSolution
		{B0F115E1-A325-4725-B559-BC8EB45CB6F6}.Debug|Any CPU.ActiveCfg = Debug|Any CPU
		{B0F115E1-A325-4725-B559-BC8EB45CB6F6}.Debug|Any CPU.Build.0 = Debug|Any CPU
		{B0F115E1-A325-4725-B559-BC8EB45CB6F6}.Release|Any CPU.ActiveCfg = Release|Any CPU
		{B0F115E1-A325-4725-B559-BC8EB45CB6F6}.Release|Any CPU.Build.0 = Release|Any CPU
		{A335941A-43F9-46D9-A8C0-AF55582D20DF}.Debug|Any CPU.ActiveCfg = Debug|Any CPU
		{A335941A-43F9-46D9-A8C0-AF55582D20DF}.Debug|Any CPU.Build.0 = Debug|Any CPU
		{A335941A-43F9-46D9-A8C0-AF55582D20DF}.Release|Any CPU.ActiveCfg = Release|Any CPU
		{A335941A-43F9-46D9-A8C0-AF55582D20DF}.Release|Any CPU.Build.0 = Release|Any CPU
		{0B7B0E5A-681A-4A32-BBE3-AD62D19D5520}.Debug|Any CPU.ActiveCfg = Debug|Any CPU
		{0B7B0E5A-681A-4A32-BBE3-AD62D19D5520}.Debug|Any CPU.Build.0 = Debug|Any CPU
		{0B7B0E5A-681A-4A32-BBE3-AD62D19D5520}.Release|Any CPU.ActiveCfg = Release|Any CPU
		{0B7B0E5A-681A-4A32-BBE3-AD62D19D5520}.Release|Any CPU.Build.0 = Release|Any CPU
		{19D7AAFA-42CA-4F3A-B2F5-74EC029AC0BF}.Debug|Any CPU.ActiveCfg = Debug|Any CPU
		{19D7AAFA-42CA-4F3A-B2F5-74EC029AC0BF}.Debug|Any CPU.Build.0 = Debug|Any CPU
		{19D7AAFA-42CA-4F3A-B2F5-74EC029AC0BF}.Release|Any CPU.ActiveCfg = Release|Any CPU
		{19D7AAFA-42CA-4F3A-B2F5-74EC029AC0BF}.Release|Any CPU.Build.0 = Release|Any CPU
	EndGlobalSection
	GlobalSection(SolutionProperties) = preSolution
		HideSolutionNode = FALSE
	EndGlobalSection
	GlobalSection(ExtensibilityGlobals) = postSolution
		SolutionGuid = {8F9D2074-9C03-4F13-8680-2943A50674F1}
	EndGlobalSection
EndGlobal
